// !$*UTF8*$!
{
	archiveVersion = 1;
	classes = {
	};
	objectVersion = 77;
	objects = {

/* Begin PBXContainerItemProxy section */
		E602AA282E77F2BF00E21F75 /* PBXContainerItemProxy */ = {
			isa = PBXContainerItemProxy;
			containerPortal = E602AA0D2E77F2BE00E21F75 /* Project object */;
			proxyType = 1;
			remoteGlobalIDString = E602AA142E77F2BE00E21F75;
			remoteInfo = FitTracker;
		};
		E602AA322E77F2BF00E21F75 /* PBXContainerItemProxy */ = {
			isa = PBXContainerItemProxy;
			containerPortal = E602AA0D2E77F2BE00E21F75 /* Project object */;
			proxyType = 1;
			remoteGlobalIDString = E602AA142E77F2BE00E21F75;
			remoteInfo = FitTracker;
		};
/* End PBXContainerItemProxy section */

/* Begin PBXFileReference section */
		E602AA152E77F2BE00E21F75 /* FitTracker.app */ = {isa = PBXFileReference; explicitFileType = wrapper.application; includeInIndex = 0; path = FitTracker.app; sourceTree = BUILT_PRODUCTS_DIR; };
		E602AA272E77F2BF00E21F75 /* FitTrackerTests.xctest */ = {isa = PBXFileReference; explicitFileType = wrapper.cfbundle; includeInIndex = 0; path = FitTrackerTests.xctest; sourceTree = BUILT_PRODUCTS_DIR; };
		E602AA312E77F2BF00E21F75 /* FitTrackerUITests.xctest */ = {isa = PBXFileReference; explicitFileType = wrapper.cfbundle; includeInIndex = 0; path = FitTrackerUITests.xctest; sourceTree = BUILT_PRODUCTS_DIR; };
/* End PBXFileReference section */

/* Begin PBXFileSystemSynchronizedRootGroup section */
		E602AA172E77F2BE00E21F75 /* FitTracker */ = {
			isa = PBXFileSystemSynchronizedRootGroup;
			path = FitTracker;
			sourceTree = "<group>";
		};
		E602AA2A2E77F2BF00E21F75 /* FitTrackerTests */ = {
			isa = PBXFileSystemSynchronizedRootGroup;
			path = FitTrackerTests;
			sourceTree = "<group>";
		};
		E602AA342E77F2BF00E21F75 /* FitTrackerUITests */ = {
			isa = PBXFileSystemSynchronizedRootGroup;
			path = FitTrackerUITests;
			sourceTree = "<group>";
		};
/* End PBXFileSystemSynchronizedRootGroup section */

/* Begin PBXFrameworksBuildPhase section */
		E602AA122E77F2BE00E21F75 /* Frameworks */ = {
			isa = PBXFrameworksBuildPhase;
			buildActionMask = 2147483647;
			files = (
			);
			runOnlyForDeploymentPostprocessing = 0;
		};
		E602AA242E77F2BF00E21F75 /* Frameworks */ = {
			isa = PBXFrameworksBuildPhase;
			buildActionMask = 2147483647;
			files = (
			);
			runOnlyForDeploymentPostprocessing = 0;
		};
		E602AA2E2E77F2BF00E21F75 /* Frameworks */ = {
			isa = PBXFrameworksBuildPhase;
			buildActionMask = 2147483647;
			files = (
			);
			runOnlyForDeploymentPostprocessing = 0;
		};
/* End PBXFrameworksBuildPhase section */

/* Begin PBXGroup section */
		E602AA0C2E77F2BE00E21F75 = {
			isa = PBXGroup;
			children = (
				E602AA172E77F2BE00E21F75 /* FitTracker */,
				E602AA2A2E77F2BF00E21F75 /* FitTrackerTests */,
				E602AA342E77F2BF00E21F75 /* FitTrackerUITests */,
				E602AA162E77F2BE00E21F75 /* Products */,
			);
			sourceTree = "<group>";
		};
		E602AA162E77F2BE00E21F75 /* Products */ = {
			isa = PBXGroup;
			children = (
				E602AA152E77F2BE00E21F75 /* FitTracker.app */,
				E602AA272E77F2BF00E21F75 /* FitTrackerTests.xctest */,
				E602AA312E77F2BF00E21F75 /* FitTrackerUITests.xctest */,
			);
			name = Products;
			sourceTree = "<group>";
		};
/* End PBXGroup section */

/* Begin PBXNativeTarget section */
		E602AA142E77F2BE00E21F75 /* FitTracker */ = {
			isa = PBXNativeTarget;
			buildConfigurationList = E602AA3B2E77F2BF00E21F75 /* Build configuration list for PBXNativeTarget "FitTracker" */;
			buildPhases = (
				E602AA112E77F2BE00E21F75 /* Sources */,
				E602AA122E77F2BE00E21F75 /* Frameworks */,
				E602AA132E77F2BE00E21F75 /* Resources */,
			);
			buildRules = (
			);
			dependencies = (
			);
			fileSystemSynchronizedGroups = (
				E602AA172E77F2BE00E21F75 /* FitTracker */,
			);
			name = FitTracker;
			packageProductDependencies = (
			);
			productName = FitTracker;
			productReference = E602AA152E77F2BE00E21F75 /* FitTracker.app */;
			productType = "com.apple.product-type.application";
		};
		E602AA262E77F2BF00E21F75 /* FitTrackerTests */ = {
			isa = PBXNativeTarget;
			buildConfigurationList = E602AA3E2E77F2BF00E21F75 /* Build configuration list for PBXNativeTarget "FitTrackerTests" */;
			buildPhases = (
				E602AA232E77F2BF00E21F75 /* Sources */,
				E602AA242E77F2BF00E21F75 /* Frameworks */,
				E602AA252E77F2BF00E21F75 /* Resources */,
			);
			buildRules = (
			);
			dependencies = (
				E602AA292E77F2BF00E21F75 /* PBXTargetDependency */,
			);
			fileSystemSynchronizedGroups = (
				E602AA2A2E77F2BF00E21F75 /* FitTrackerTests */,
			);
			name = FitTrackerTests;
			packageProductDependencies = (
			);
			productName = FitTrackerTests;
			productReference = E602AA272E77F2BF00E21F75 /* FitTrackerTests.xctest */;
			productType = "com.apple.product-type.bundle.unit-test";
		};
		E602AA302E77F2BF00E21F75 /* FitTrackerUITests */ = {
			isa = PBXNativeTarget;
			buildConfigurationList = E602AA412E77F2BF00E21F75 /* Build configuration list for PBXNativeTarget "FitTrackerUITests" */;
			buildPhases = (
				E602AA2D2E77F2BF00E21F75 /* Sources */,
				E602AA2E2E77F2BF00E21F75 /* Frameworks */,
				E602AA2F2E77F2BF00E21F75 /* Resources */,
			);
			buildRules = (
			);
			dependencies = (
				E602AA332E77F2BF00E21F75 /* PBXTargetDependency */,
			);
			fileSystemSynchronizedGroups = (
				E602AA342E77F2BF00E21F75 /* FitTrackerUITests */,
			);
			name = FitTrackerUITests;
			packageProductDependencies = (
			);
			productName = FitTrackerUITests;
			productReference = E602AA312E77F2BF00E21F75 /* FitTrackerUITests.xctest */;
			productType = "com.apple.product-type.bundle.ui-testing";
		};
/* End PBXNativeTarget section */

/* Begin PBXProject section */
		E602AA0D2E77F2BE00E21F75 /* Project object */ = {
			isa = PBXProject;
			attributes = {
				BuildIndependentTargetsInParallel = 1;
				LastSwiftUpdateCheck = 1640;
				LastUpgradeCheck = 1640;
				TargetAttributes = {
					E602AA142E77F2BE00E21F75 = {
						CreatedOnToolsVersion = 16.4;
					};
					E602AA262E77F2BF00E21F75 = {
						CreatedOnToolsVersion = 16.4;
						TestTargetID = E602AA142E77F2BE00E21F75;
					};
					E602AA302E77F2BF00E21F75 = {
						CreatedOnToolsVersion = 16.4;
						TestTargetID = E602AA142E77F2BE00E21F75;
					};
				};
			};
			buildConfigurationList = E602AA102E77F2BE00E21F75 /* Build configuration list for PBXProject "FitTracker" */;
			developmentRegion = en;
			hasScannedForEncodings = 0;
			knownRegions = (
				en,
				Base,
			);
			mainGroup = E602AA0C2E77F2BE00E21F75;
			minimizedProjectReferenceProxies = 1;
			preferredProjectObjectVersion = 77;
			productRefGroup = E602AA162E77F2BE00E21F75 /* Products */;
			projectDirPath = "";
			projectRoot = "";
			targets = (
				E602AA142E77F2BE00E21F75 /* FitTracker */,
				E602AA262E77F2BF00E21F75 /* FitTrackerTests */,
				E602AA302E77F2BF00E21F75 /* FitTrackerUITests */,
			);
		};
/* End PBXProject section */

/* Begin PBXResourcesBuildPhase section */
		E602AA132E77F2BE00E21F75 /* Resources */ = {
			isa = PBXResourcesBuildPhase;
			buildActionMask = 2147483647;
			files = (
			);
			runOnlyForDeploymentPostprocessing = 0;
		};
		E602AA252E77F2BF00E21F75 /* Resources */ = {
			isa = PBXResourcesBuildPhase;
			buildActionMask = 2147483647;
			files = (
			);
			runOnlyForDeploymentPostprocessing = 0;
		};
		E602AA2F2E77F2BF00E21F75 /* Resources */ = {
			isa = PBXResourcesBuildPhase;
			buildActionMask = 2147483647;
			files = (
			);
			runOnlyForDeploymentPostprocessing = 0;
		};
/* End PBXResourcesBuildPhase section */

/* Begin PBXSourcesBuildPhase section */
		E602AA112E77F2BE00E21F75 /* Sources */ = {
			isa = PBXSourcesBuildPhase;
			buildActionMask = 2147483647;
			files = (
			);
			runOnlyForDeploymentPostprocessing = 0;
		};
		E602AA232E77F2BF00E21F75 /* Sources */ = {
			isa = PBXSourcesBuildPhase;
			buildActionMask = 2147483647;
			files = (
			);
			runOnlyForDeploymentPostprocessing = 0;
		};
		E602AA2D2E77F2BF00E21F75 /* Sources */ = {
			isa = PBXSourcesBuildPhase;
			buildActionMask = 2147483647;
			files = (
			);
			runOnlyForDeploymentPostprocessing = 0;
		};
/* End PBXSourcesBuildPhase section */

/* Begin PBXTargetDependency section */
		E602AA292E77F2BF00E21F75 /* PBXTargetDependency */ = {
			isa = PBXTargetDependency;
			target = E602AA142E77F2BE00E21F75 /* FitTracker */;
			targetProxy = E602AA282E77F2BF00E21F75 /* PBXContainerItemProxy */;
		};
		E602AA332E77F2BF00E21F75 /* PBXTargetDependency */ = {
			isa = PBXTargetDependency;
			target = E602AA142E77F2BE00E21F75 /* FitTracker */;
			targetProxy = E602AA322E77F2BF00E21F75 /* PBXContainerItemProxy */;
		};
/* End PBXTargetDependency section */

/* Begin XCBuildConfiguration section */
		E602AA392E77F2BF00E21F75 /* Debug */ = {
			isa = XCBuildConfiguration;
			buildSettings = {
				ALWAYS_SEARCH_USER_PATHS = NO;
				ASSETCATALOG_COMPILER_GENERATE_SWIFT_ASSET_SYMBOL_EXTENSIONS = YES;
				CLANG_ANALYZER_NONNULL = YES;
				CLANG_ANALYZER_NUMBER_OBJECT_CONVERSION = YES_AGGRESSIVE;
				CLANG_CXX_LANGUAGE_STANDARD = "gnu++20";
				CLANG_ENABLE_MODULES = YES;
				CLANG_ENABLE_OBJC_ARC = YES;
				CLANG_ENABLE_OBJC_WEAK = YES;
				CLANG_WARN_BLOCK_CAPTURE_AUTORELEASING = YES;
				CLANG_WARN_BOOL_CONVERSION = YES;
				CLANG_WARN_COMMA = YES;
				CLANG_WARN_CONSTANT_CONVERSION = YES;
				CLANG_WARN_DEPRECATED_OBJC_IMPLEMENTATIONS = YES;
				CLANG_WARN_DIRECT_OBJC_ISA_USAGE = YES_ERROR;
				CLANG_WARN_DOCUMENTATION_COMMENTS = YES;
				CLANG_WARN_EMPTY_BODY = YES;
				CLANG_WARN_ENUM_CONVERSION = YES;
				CLANG_WARN_INFINITE_RECURSION = YES;
				CLANG_WARN_INT_CONVERSION = YES;
				CLANG_WARN_NON_LITERAL_NULL_CONVERSION = YES;
				CLANG_WARN_OBJC_IMPLICIT_RETAIN_SELF = YES;
				CLANG_WARN_OBJC_LITERAL_CONVERSION = YES;
				CLANG_WARN_OBJC_ROOT_CLASS = YES_ERROR;
				CLANG_WARN_QUOTED_INCLUDE_IN_FRAMEWORK_HEADER = YES;
				CLANG_WARN_RANGE_LOOP_ANALYSIS = YES;
				CLANG_WARN_STRICT_PROTOTYPES = YES;
				CLANG_WARN_SUSPICIOUS_MOVE = YES;
				CLANG_WARN_UNGUARDED_AVAILABILITY = YES_AGGRESSIVE;
				CLANG_WARN_UNREACHABLE_CODE = YES;
				CLANG_WARN__DUPLICATE_METHOD_MATCH = YES;
				COPY_PHASE_STRIP = NO;
				DEBUG_INFORMATION_FORMAT = dwarf;
				ENABLE_STRICT_OBJC_MSGSEND = YES;
				ENABLE_TESTABILITY = YES;
				ENABLE_USER_SCRIPT_SANDBOXING = YES;
				GCC_C_LANGUAGE_STANDARD = gnu17;
				GCC_DYNAMIC_NO_PIC = NO;
				GCC_NO_COMMON_BLOCKS = YES;
				GCC_OPTIMIZATION_LEVEL = 0;
				GCC_PREPROCESSOR_DEFINITIONS = (
					"DEBUG=1",
					"$(inherited)",
				);
				GCC_WARN_64_TO_32_BIT_CONVERSION = YES;
				GCC_WARN_ABOUT_RETURN_TYPE = YES_ERROR;
				GCC_WARN_UNDECLARED_SELECTOR = YES;
				GCC_WARN_UNINITIALIZED_AUTOS = YES_AGGRESSIVE;
				GCC_WARN_UNUSED_FUNCTION = YES;
				GCC_WARN_UNUSED_VARIABLE = YES;
				IPHONEOS_DEPLOYMENT_TARGET = 18.5;
				LOCALIZATION_PREFERS_STRING_CATALOGS = YES;
				MTL_ENABLE_DEBUG_INFO = INCLUDE_SOURCE;
				MTL_FAST_MATH = YES;
				ONLY_ACTIVE_ARCH = YES;
				SDKROOT = iphoneos;
				SWIFT_ACTIVE_COMPILATION_CONDITIONS = "DEBUG $(inherited)";
				SWIFT_OPTIMIZATION_LEVEL = "-Onone";
			};
			name = Debug;
		};
		E602AA3A2E77F2BF00E21F75 /* Release */ = {
			isa = XCBuildConfiguration;
			buildSettings = {
				ALWAYS_SEARCH_USER_PATHS = NO;
				ASSETCATALOG_COMPILER_GENERATE_SWIFT_ASSET_SYMBOL_EXTENSIONS = YES;
				CLANG_ANALYZER_NONNULL = YES;
				CLANG_ANALYZER_NUMBER_OBJECT_CONVERSION = YES_AGGRESSIVE;
				CLANG_CXX_LANGUAGE_STANDARD = "gnu++20";
				CLANG_ENABLE_MODULES = YES;
				CLANG_ENABLE_OBJC_ARC = YES;
				CLANG_ENABLE_OBJC_WEAK = YES;
				CLANG_WARN_BLOCK_CAPTURE_AUTORELEASING = YES;
				CLANG_WARN_BOOL_CONVERSION = YES;
				CLANG_WARN_COMMA = YES;
				CLANG_WARN_CONSTANT_CONVERSION = YES;
				CLANG_WARN_DEPRECATED_OBJC_IMPLEMENTATIONS = YES;
				CLANG_WARN_DIRECT_OBJC_ISA_USAGE = YES_ERROR;
				CLANG_WARN_DOCUMENTATION_COMMENTS = YES;
				CLANG_WARN_EMPTY_BODY = YES;
				CLANG_WARN_ENUM_CONVERSION = YES;
				CLANG_WARN_INFINITE_RECURSION = YES;
				CLANG_WARN_INT_CONVERSION = YES;
				CLANG_WARN_NON_LITERAL_NULL_CONVERSION = YES;
				CLANG_WARN_OBJC_IMPLICIT_RETAIN_SELF = YES;
				CLANG_WARN_OBJC_LITERAL_CONVERSION = YES;
				CLANG_WARN_OBJC_ROOT_CLASS = YES_ERROR;
				CLANG_WARN_QUOTED_INCLUDE_IN_FRAMEWORK_HEADER = YES;
				CLANG_WARN_RANGE_LOOP_ANALYSIS = YES;
				CLANG_WARN_STRICT_PROTOTYPES = YES;
				CLANG_WARN_SUSPICIOUS_MOVE = YES;
				CLANG_WARN_UNGUARDED_AVAILABILITY = YES_AGGRESSIVE;
				CLANG_WARN_UNREACHABLE_CODE = YES;
				CLANG_WARN__DUPLICATE_METHOD_MATCH = YES;
				COPY_PHASE_STRIP = NO;
				DEBUG_INFORMATION_FORMAT = "dwarf-with-dsym";
				ENABLE_NS_ASSERTIONS = NO;
				ENABLE_STRICT_OBJC_MSGSEND = YES;
				ENABLE_USER_SCRIPT_SANDBOXING = YES;
				GCC_C_LANGUAGE_STANDARD = gnu17;
				GCC_NO_COMMON_BLOCKS = YES;
				GCC_WARN_64_TO_32_BIT_CONVERSION = YES;
				GCC_WARN_ABOUT_RETURN_TYPE = YES_ERROR;
				GCC_WARN_UNDECLARED_SELECTOR = YES;
				GCC_WARN_UNINITIALIZED_AUTOS = YES_AGGRESSIVE;
				GCC_WARN_UNUSED_FUNCTION = YES;
				GCC_WARN_UNUSED_VARIABLE = YES;
				IPHONEOS_DEPLOYMENT_TARGET = 18.5;
				LOCALIZATION_PREFERS_STRING_CATALOGS = YES;
				MTL_ENABLE_DEBUG_INFO = NO;
				MTL_FAST_MATH = YES;
				SDKROOT = iphoneos;
				SWIFT_COMPILATION_MODE = wholemodule;
				VALIDATE_PRODUCT = YES;
			};
			name = Release;
		};
		E602AA3C2E77F2BF00E21F75 /* Debug */ = {
			isa = XCBuildConfiguration;
			buildSettings = {
				ASSETCATALOG_COMPILER_APPICON_NAME = AppIcon;
				ASSETCATALOG_COMPILER_GLOBAL_ACCENT_COLOR_NAME = AccentColor;
				CODE_SIGN_STYLE = Automatic;
				CURRENT_PROJECT_VERSION = 1;
				ENABLE_PREVIEWS = YES;
				GENERATE_INFOPLIST_FILE = YES;
				INFOPLIST_KEY_UIApplicationSceneManifest_Generation = YES;
				INFOPLIST_KEY_UIApplicationSupportsIndirectInputEvents = YES;
				INFOPLIST_KEY_UILaunchScreen_Generation = YES;
				INFOPLIST_KEY_UISupportedInterfaceOrientations_iPad = "UIInterfaceOrientationPortrait UIInterfaceOrientationPortraitUpsideDown UIInterfaceOrientationLandscapeLeft UIInterfaceOrientationLandscapeRight";
				INFOPLIST_KEY_UISupportedInterfaceOrientations_iPhone = "UIInterfaceOrientationPortrait UIInterfaceOrientationLandscapeLeft UIInterfaceOrientationLandscapeRight";
				LD_RUNPATH_SEARCH_PATHS = (
					"$(inherited)",
					"@executable_path/Frameworks",
				);
				MARKETING_VERSION = 1.0;
				PRODUCT_BUNDLE_IDENTIFIER = com.classproject.FitTracker;
				PRODUCT_NAME = "$(TARGET_NAME)";
				SWIFT_EMIT_LOC_STRINGS = YES;
				SWIFT_VERSION = 5.0;
				TARGETED_DEVICE_FAMILY = "1,2";
			};
			name = Debug;
		};
		E602AA3D2E77F2BF00E21F75 /* Release */ = {
			isa = XCBuildConfiguration;
			buildSettings = {
				ASSETCATALOG_COMPILER_APPICON_NAME = AppIcon;
				ASSETCATALOG_COMPILER_GLOBAL_ACCENT_COLOR_NAME = AccentColor;
				CODE_SIGN_STYLE = Automatic;
				CURRENT_PROJECT_VERSION = 1;
				ENABLE_PREVIEWS = YES;
				GENERATE_INFOPLIST_FILE = YES;
				INFOPLIST_KEY_UIApplicationSceneManifest_Generation = YES;
				INFOPLIST_KEY_UIApplicationSupportsIndirectInputEvents = YES;
				INFOPLIST_KEY_UILaunchScreen_Generation = YES;
				INFOPLIST_KEY_UISupportedInterfaceOrientations_iPad = "UIInterfaceOrientationPortrait UIInterfaceOrientationPortraitUpsideDown UIInterfaceOrientationLandscapeLeft UIInterfaceOrientationLandscapeRight";
				INFOPLIST_KEY_UISupportedInterfaceOrientations_iPhone = "UIInterfaceOrientationPortrait UIInterfaceOrientationLandscapeLeft UIInterfaceOrientationLandscapeRight";
				LD_RUNPATH_SEARCH_PATHS = (
					"$(inherited)",
					"@executable_path/Frameworks",
				);
				MARKETING_VERSION = 1.0;
				PRODUCT_BUNDLE_IDENTIFIER = com.classproject.FitTracker;
				PRODUCT_NAME = "$(TARGET_NAME)";
				SWIFT_EMIT_LOC_STRINGS = YES;
				SWIFT_VERSION = 5.0;
				TARGETED_DEVICE_FAMILY = "1,2";
			};
			name = Release;
		};
		E602AA3F2E77F2BF00E21F75 /* Debug */ = {
			isa = XCBuildConfiguration;
			buildSettings = {
				BUNDLE_LOADER = "$(TEST_HOST)";
				CODE_SIGN_STYLE = Automatic;
				CURRENT_PROJECT_VERSION = 1;
				GENERATE_INFOPLIST_FILE = YES;
				IPHONEOS_DEPLOYMENT_TARGET = 18.5;
				MARKETING_VERSION = 1.0;
				PRODUCT_BUNDLE_IDENTIFIER = com.classproject.FitTrackerTests;
				PRODUCT_NAME = "$(TARGET_NAME)";
				SWIFT_EMIT_LOC_STRINGS = NO;
				SWIFT_VERSION = 5.0;
				TARGETED_DEVICE_FAMILY = "1,2";
				TEST_HOST = "$(BUILT_PRODUCTS_DIR)/FitTracker.app/$(BUNDLE_EXECUTABLE_FOLDER_PATH)/FitTracker";
			};
			name = Debug;
		};
		E602AA402E77F2BF00E21F75 /* Release */ = {
			isa = XCBuildConfiguration;
			buildSettings = {
				BUNDLE_LOADER = "$(TEST_HOST)";
				CODE_SIGN_STYLE = Automatic;
				CURRENT_PROJECT_VERSION = 1;
				GENERATE_INFOPLIST_FILE = YES;
				IPHONEOS_DEPLOYMENT_TARGET = 18.5;
				MARKETING_VERSION = 1.0;
				PRODUCT_BUNDLE_IDENTIFIER = com.classproject.FitTrackerTests;
				PRODUCT_NAME = "$(TARGET_NAME)";
				SWIFT_EMIT_LOC_STRINGS = NO;
				SWIFT_VERSION = 5.0;
				TARGETED_DEVICE_FAMILY = "1,2";
				TEST_HOST = "$(BUILT_PRODUCTS_DIR)/FitTracker.app/$(BUNDLE_EXECUTABLE_FOLDER_PATH)/FitTracker";
			};
			name = Release;
		};
		E602AA422E77F2BF00E21F75 /* Debug */ = {
			isa = XCBuildConfiguration;
			buildSettings = {
				CODE_SIGN_STYLE = Automatic;
				CURRENT_PROJECT_VERSION = 1;
				GENERATE_INFOPLIST_FILE = YES;
				MARKETING_VERSION = 1.0;
				PRODUCT_BUNDLE_IDENTIFIER = com.classproject.FitTrackerUITests;
				PRODUCT_NAME = "$(TARGET_NAME)";
				SWIFT_EMIT_LOC_STRINGS = NO;
				SWIFT_VERSION = 5.0;
				TARGETED_DEVICE_FAMILY = "1,2";
				TEST_TARGET_NAME = FitTracker;
			};
			name = Debug;
		};
		E602AA432E77F2BF00E21F75 /* Release */ = {
			isa = XCBuildConfiguration;
			buildSettings = {
				CODE_SIGN_STYLE = Automatic;
				CURRENT_PROJECT_VERSION = 1;
				GENERATE_INFOPLIST_FILE = YES;
				MARKETING_VERSION = 1.0;
				PRODUCT_BUNDLE_IDENTIFIER = com.classproject.FitTrackerUITests;
				PRODUCT_NAME = "$(TARGET_NAME)";
				SWIFT_EMIT_LOC_STRINGS = NO;
				SWIFT_VERSION = 5.0;
				TARGETED_DEVICE_FAMILY = "1,2";
				TEST_TARGET_NAME = FitTracker;
			};
			name = Release;
		};
/* End XCBuildConfiguration section */

/* Begin XCConfigurationList section */
		E602AA102E77F2BE00E21F75 /* Build configuration list for PBXProject "FitTracker" */ = {
			isa = XCConfigurationList;
			buildConfigurations = (
				E602AA392E77F2BF00E21F75 /* Debug */,
				E602AA3A2E77F2BF00E21F75 /* Release */,
			);
			defaultConfigurationIsVisible = 0;
			defaultConfigurationName = Release;
		};
		E602AA3B2E77F2BF00E21F75 /* Build configuration list for PBXNativeTarget "FitTracker" */ = {
			isa = XCConfigurationList;
			buildConfigurations = (
				E602AA3C2E77F2BF00E21F75 /* Debug */,
				E602AA3D2E77F2BF00E21F75 /* Release */,
			);
			defaultConfigurationIsVisible = 0;
			defaultConfigurationName = Release;
		};
		E602AA3E2E77F2BF00E21F75 /* Build configuration list for PBXNativeTarget "FitTrackerTests" */ = {
			isa = XCConfigurationList;
			buildConfigurations = (
				E602AA3F2E77F2BF00E21F75 /* Debug */,
				E602AA402E77F2BF00E21F75 /* Release */,
			);
			defaultConfigurationIsVisible = 0;
			defaultConfigurationName = Release;
		};
		E602AA412E77F2BF00E21F75 /* Build configuration list for PBXNativeTarget "FitTrackerUITests" */ = {
			isa = XCConfigurationList;
			buildConfigurations = (
				E602AA422E77F2BF00E21F75 /* Debug */,
				E602AA432E77F2BF00E21F75 /* Release */,
			);
			defaultConfigurationIsVisible = 0;
			defaultConfigurationName = Release;
		};
/* End XCConfigurationList section */
	};
	rootObject = E602AA0D2E77F2BE00E21F75 /* Project object */;
}
